
Microsoft Visual Studio Solution File, Format Version 12.00
# Visual Studio 15
VisualStudioVersion = 15.0.27130.2036
MinimumVisualStudioVersion = 10.0.40219.1
Project("{FAE04EC0-301F-11D3-BF4B-00C04F79EFBC}") = "FaceR", "FaceR\FaceR.csproj", "{9773D3FF-A984-4EFB-8BC6-CF6454F70EBE}"
EndProject
Global
	GlobalSection(SolutionConfigurationPlatforms) = preSolution
		Debug|Any CPU = Debug|Any CPU
		Debug|x64 = Debug|x64
		Release|Any CPU = Release|Any CPU
		Release|x64 = Release|x64
	EndGlobalSection
	GlobalSection(ProjectConfigurationPlatforms) = postSolution
		{9773D3FF-A984-4EFB-8BC6-CF6454F70EBE}.Debug|Any CPU.ActiveCfg = Debug|Any CPU
		{9773D3FF-A984-4EFB-8BC6-CF6454F70EBE}.Debug|Any CPU.Build.0 = Debug|Any CPU
		{9773D3FF-A984-4EFB-8BC6-CF6454F70EBE}.Debug|x64.ActiveCfg = Debug|x64
		{9773D3FF-A984-4EFB-8BC6-CF6454F70EBE}.Debug|x64.Build.0 = Debug|x64
		{9773D3FF-A984-4EFB-8BC6-CF6454F70EBE}.Release|Any CPU.ActiveCfg = Release|Any CPU
		{9773D3FF-A984-4EFB-8BC6-CF6454F70EBE}.Release|Any CPU.Build.0 = Release|Any CPU
		{9773D3FF-A984-4EFB-8BC6-CF6454F70EBE}.Release|x64.ActiveCfg = Release|x64
		{9773D3FF-A984-4EFB-8BC6-CF6454F70EBE}.Release|x64.Build.0 = Release|x64
	EndGlobalSection
	GlobalSection(SolutionProperties) = preSolution
		HideSolutionNode = FALSE
	EndGlobalSection
	GlobalSection(ExtensibilityGlobals) = postSolution
		SolutionGuid = {A77217A0-B51E-4C02-B05F-4B9E9E5086DF}
	EndGlobalSection
EndGlobal
